# THIS IS AN AUTOGENERATED FILE. DO NOT EDIT THIS FILE DIRECTLY.
# yarn lockfile v1


one-liner-joke@^1.2.0:
  version "1.2.0"
  resolved "https://registry.yarnpkg.com/one-liner-joke/-/one-liner-joke-1.2.0.tgz#755ce06f0241ee8649bc2f0c91b3f1197d49f376"
  integrity sha512-cyqGnIRKCe25ZERjlyKtpQp4BfN+iV22nC6rLtTMkJh+w300DK+9UitFzJZfilMdFKImKQO+w/G/E1sUSYBsrw==
